// !$*UTF8*$!
{
	archiveVersion = 1;
	classes = {
	};
	objectVersion = 46;
	objects = {

/* Begin PBXBuildFile section */
		ABCFDA871D89C27100DA3C1D /* AppDelegate.swift in Sources */ = {isa = PBXBuildFile; fileRef = ABCFDA861D89C27100DA3C1D /* AppDelegate.swift */; };
		ABCFDA891D89C27100DA3C1D /* ViewController.swift in Sources */ = {isa = PBXBuildFile; fileRef = ABCFDA881D89C27100DA3C1D /* ViewController.swift */; };
		ABCFDA8C1D89C27100DA3C1D /* Main.storyboard in Resources */ = {isa = PBXBuildFile; fileRef = ABCFDA8A1D89C27100DA3C1D /* Main.storyboard */; };
		ABCFDA8F1D89C27200DA3C1D /* Doit.xcdatamodeld in Sources */ = {isa = PBXBuildFile; fileRef = ABCFDA8D1D89C27200DA3C1D /* Doit.xcdatamodeld */; };
		ABCFDA911D89C27200DA3C1D /* Assets.xcassets in Resources */ = {isa = PBXBuildFile; fileRef = ABCFDA901D89C27200DA3C1D /* Assets.xcassets */; };
		ABCFDA941D89C27200DA3C1D /* LaunchScreen.storyboard in Resources */ = {isa = PBXBuildFile; fileRef = ABCFDA921D89C27200DA3C1D /* LaunchScreen.storyboard */; };
/* End PBXBuildFile section */

/* Begin PBXFileReference section */
		ABCFDA831D89C27100DA3C1D /* Doit.app */ = {isa = PBXFileReference; explicitFileType = wrapper.application; includeInIndex = 0; path = Doit.app; sourceTree = BUILT_PRODUCTS_DIR; };
		ABCFDA861D89C27100DA3C1D /* AppDelegate.swift */ = {isa = PBXFileReference; lastKnownFileType = sourcecode.swift; path = AppDelegate.swift; sourceTree = "<group>"; };
		ABCFDA881D89C27100DA3C1D /* ViewController.swift */ = {isa = PBXFileReference; lastKnownFileType = sourcecode.swift; path = ViewController.swift; sourceTree = "<group>"; };
		ABCFDA8B1D89C27100DA3C1D /* Base */ = {isa = PBXFileReference; lastKnownFileType = file.storyboard; name = Base; path = Base.lproj/Main.storyboard; sourceTree = "<group>"; };
		ABCFDA8E1D89C27200DA3C1D /* Doit.xcdatamodel */ = {isa = PBXFileReference; lastKnownFileType = wrapper.xcdatamodel; path = Doit.xcdatamodel; sourceTree = "<group>"; };
		ABCFDA901D89C27200DA3C1D /* Assets.xcassets */ = {isa = PBXFileReference; lastKnownFileType = folder.assetcatalog; path = Assets.xcassets; sourceTree = "<group>"; };
		ABCFDA931D89C27200DA3C1D /* Base */ = {isa = PBXFileReference; lastKnownFileType = file.storyboard; name = Base; path = Base.lproj/LaunchScreen.storyboard; sourceTree = "<group>"; };
		ABCFDA951D89C27200DA3C1D /* Info.plist */ = {isa = PBXFileReference; lastKnownFileType = text.plist.xml; path = Info.plist; sourceTree = "<group>"; };
/* End PBXFileReference section */

/* Begin PBXFrameworksBuildPhase section */
		ABCFDA801D89C27100DA3C1D /* Frameworks */ = {
			isa = PBXFrameworksBuildPhase;
			buildActionMask = 2147483647;
			files = (
			);
			runOnlyForDeploymentPostprocessing = 0;
		};
/* End PBXFrameworksBuildPhase section */

/* Begin PBXGroup section */
		ABCFDA7A1D89C27100DA3C1D = {
			isa = PBXGroup;
			children = (
				ABCFDA851D89C27100DA3C1D /* Doit */,
				ABCFDA841D89C27100DA3C1D /* Products */,
			);
			sourceTree = "<group>";
		};
		ABCFDA841D89C27100DA3C1D /* Products */ = {
			isa = PBXGroup;
			children = (
				ABCFDA831D89C27100DA3C1D /* Doit.app */,
			);
			name = Products;
			sourceTree = "<group>";
		};
		ABCFDA851D89C27100DA3C1D /* Doit */ = {
			isa = PBXGroup;
			children = (
				ABCFDA861D89C27100DA3C1D /* AppDelegate.swift */,
				ABCFDA881D89C27100DA3C1D /* ViewController.swift */,
				ABCFDA8A1D89C27100DA3C1D /* Main.storyboard */,
				ABCFDA901D89C27200DA3C1D /* Assets.xcassets */,
				ABCFDA921D89C27200DA3C1D /* LaunchScreen.storyboard */,
				ABCFDA951D89C27200DA3C1D /* Info.plist */,
				ABCFDA8D1D89C27200DA3C1D /* Doit.xcdatamodeld */,
			);
			path = Doit;
			sourceTree = "<group>";
		};
/* End PBXGroup section */

/* Begin PBXNativeTarget section */
		ABCFDA821D89C27100DA3C1D /* Doit */ = {
			isa = PBXNativeTarget;
			buildConfigurationList = ABCFDA981D89C27200DA3C1D /* Build configuration list for PBXNativeTarget "Doit" */;
			buildPhases = (
				ABCFDA7F1D89C27100DA3C1D /* Sources */,
				ABCFDA801D89C27100DA3C1D /* Frameworks */,
				ABCFDA811D89C27100DA3C1D /* Resources */,
			);
			buildRules = (
			);
			dependencies = (
			);
			name = Doit;
			productName = Doit;
			productReference = ABCFDA831D89C27100DA3C1D /* Doit.app */;
			productType = "com.apple.product-type.application";
		};
/* End PBXNativeTarget section */

/* Begin PBXProject section */
		ABCFDA7B1D89C27100DA3C1D /* Project object */ = {
			isa = PBXProject;
			attributes = {
				LastSwiftUpdateCheck = 0730;
				LastUpgradeCheck = 0730;
				ORGANIZATIONNAME = "MIchael Cruz";
				TargetAttributes = {
					ABCFDA821D89C27100DA3C1D = {
						CreatedOnToolsVersion = 7.3.1;
					};
				};
			};
			buildConfigurationList = ABCFDA7E1D89C27100DA3C1D /* Build configuration list for PBXProject "Doit" */;
			compatibilityVersion = "Xcode 3.2";
			developmentRegion = English;
			hasScannedForEncodings = 0;
			knownRegions = (
				en,
				Base,
			);
			mainGroup = ABCFDA7A1D89C27100DA3C1D;
			productRefGroup = ABCFDA841D89C27100DA3C1D /* Products */;
			projectDirPath = "";
			projectRoot = "";
			targets = (
				ABCFDA821D89C27100DA3C1D /* Doit */,
			);
		};
/* End PBXProject section */

/* Begin PBXResourcesBuildPhase section */
		ABCFDA811D89C27100DA3C1D /* Resources */ = {
			isa = PBXResourcesBuildPhase;
			buildActionMask = 2147483647;
			files = (
				ABCFDA941D89C27200DA3C1D /* LaunchScreen.storyboard in Resources */,
				ABCFDA911D89C27200DA3C1D /* Assets.xcassets in Resources */,
				ABCFDA8C1D89C27100DA3C1D /* Main.storyboard in Resources */,
			);
			runOnlyForDeploymentPostprocessing = 0;
		};
/* End PBXResourcesBuildPhase section */

/* Begin PBXSourcesBuildPhase section */
		ABCFDA7F1D89C27100DA3C1D /* Sources */ = {
			isa = PBXSourcesBuildPhase;
			buildActionMask = 2147483647;
			files = (
				ABCFDA891D89C27100DA3C1D /* ViewController.swift in Sources */,
				ABCFDA871D89C27100DA3C1D /* AppDelegate.swift in Sources */,
				ABCFDA8F1D89C27200DA3C1D /* Doit.xcdatamodeld in Sources */,
			);
			runOnlyForDeploymentPostprocessing = 0;
		};
/* End PBXSourcesBuildPhase section */

/* Begin PBXVariantGroup section */
		ABCFDA8A1D89C27100DA3C1D /* Main.storyboard */ = {
			isa = PBXVariantGroup;
			children = (
				ABCFDA8B1D89C27100DA3C1D /* Base */,
			);
			name = Main.storyboard;
			sourceTree = "<group>";
		};
		ABCFDA921D89C27200DA3C1D /* LaunchScreen.storyboard */ = {
			isa = PBXVariantGroup;
			children = (
				ABCFDA931D89C27200DA3C1D /* Base */,
			);
			name = LaunchScreen.storyboard;
			sourceTree = "<group>";
		};
/* End PBXVariantGroup section */

/* Begin XCBuildConfiguration section */
		ABCFDA961D89C27200DA3C1D /* Debug */ = {
			isa = XCBuildConfiguration;
			buildSettings = {
				ALWAYS_SEARCH_USER_PATHS = NO;
				CLANG_ANALYZER_NONNULL = YES;
				CLANG_CXX_LANGUAGE_STANDARD = "gnu++0x";
				CLANG_CXX_LIBRARY = "libc++";
				CLANG_ENABLE_MODULES = YES;
				CLANG_ENABLE_OBJC_ARC = YES;
				CLANG_WARN_BOOL_CONVERSION = YES;
				CLANG_WARN_CONSTANT_CONVERSION = YES;
				CLANG_WARN_DIRECT_OBJC_ISA_USAGE = YES_ERROR;
				CLANG_WARN_EMPTY_BODY = YES;
				CLANG_WARN_ENUM_CONVERSION = YES;
				CLANG_WARN_INT_CONVERSION = YES;
				CLANG_WARN_OBJC_ROOT_CLASS = YES_ERROR;
				CLANG_WARN_UNREACHABLE_CODE = YES;
				CLANG_WARN__DUPLICATE_METHOD_MATCH = YES;
				"CODE_SIGN_IDENTITY[sdk=iphoneos*]" = "iPhone Developer";
				COPY_PHASE_STRIP = NO;
				DEBUG_INFORMATION_FORMAT = dwarf;
				ENABLE_STRICT_OBJC_MSGSEND = YES;
				ENABLE_TESTABILITY = YES;
				GCC_C_LANGUAGE_STANDARD = gnu99;
				GCC_DYNAMIC_NO_PIC = NO;
				GCC_NO_COMMON_BLOCKS = YES;
				GCC_OPTIMIZATION_LEVEL = 0;
				GCC_PREPROCESSOR_DEFINITIONS = (
					"DEBUG=1",
					"$(inherited)",
				);
				GCC_WARN_64_TO_32_BIT_CONVERSION = YES;
				GCC_WARN_ABOUT_RETURN_TYPE = YES_ERROR;
				GCC_WARN_UNDECLARED_SELECTOR = YES;
				GCC_WARN_UNINITIALIZED_AUTOS = YES_AGGRESSIVE;
				GCC_WARN_UNUSED_FUNCTION = YES;
				GCC_WARN_UNUSED_VARIABLE = YES;
				IPHONEOS_DEPLOYMENT_TARGET = 9.3;
				MTL_ENABLE_DEBUG_INFO = YES;
				ONLY_ACTIVE_ARCH = YES;
				SDKROOT = iphoneos;
				SWIFT_OPTIMIZATION_LEVEL = "-Onone";
				TARGETED_DEVICE_FAMILY = "1,2";
			};
			name = Debug;
		};
		ABCFDA971D89C27200DA3C1D /* Release */ = {
			isa = XCBuildConfiguration;
			buildSettings = {
				ALWAYS_SEARCH_USER_PATHS = NO;
				CLANG_ANALYZER_NONNULL = YES;
				CLANG_CXX_LANGUAGE_STANDARD = "gnu++0x";
				CLANG_CXX_LIBRARY = "libc++";
				CLANG_ENABLE_MODULES = YES;
				CLANG_ENABLE_OBJC_ARC = YES;
				CLANG_WARN_BOOL_CONVERSION = YES;
				CLANG_WARN_CONSTANT_CONVERSION = YES;
				CLANG_WARN_DIRECT_OBJC_ISA_USAGE = YES_ERROR;
				CLANG_WARN_EMPTY_BODY = YES;
				CLANG_WARN_ENUM_CONVERSION = YES;
				CLANG_WARN_INT_CONVERSION = YES;
				CLANG_WARN_OBJC_ROOT_CLASS = YES_ERROR;
				CLANG_WARN_UNREACHABLE_CODE = YES;
				CLANG_WARN__DUPLICATE_METHOD_MATCH = YES;
				"CODE_SIGN_IDENTITY[sdk=iphoneos*]" = "iPhone Developer";
				COPY_PHASE_STRIP = NO;
				DEBUG_INFORMATION_FORMAT = "dwarf-with-dsym";
				ENABLE_NS_ASSERTIONS = NO;
				ENABLE_STRICT_OBJC_MSGSEND = YES;
				GCC_C_LANGUAGE_STANDARD = gnu99;
				GCC_NO_COMMON_BLOCKS = YES;
				GCC_WARN_64_TO_32_BIT_CONVERSION = YES;
				GCC_WARN_ABOUT_RETURN_TYPE = YES_ERROR;
				GCC_WARN_UNDECLARED_SELECTOR = YES;
				GCC_WARN_UNINITIALIZED_AUTOS = YES_AGGRESSIVE;
				GCC_WARN_UNUSED_FUNCTION = YES;
				GCC_WARN_UNUSED_VARIABLE = YES;
				IPHONEOS_DEPLOYMENT_TARGET = 9.3;
				MTL_ENABLE_DEBUG_INFO = NO;
				SDKROOT = iphoneos;
				TARGETED_DEVICE_FAMILY = "1,2";
				VALIDATE_PRODUCT = YES;
			};
			name = Release;
		};
		ABCFDA991D89C27200DA3C1D /* Debug */ = {
			isa = XCBuildConfiguration;
			buildSettings = {
				ASSETCATALOG_COMPILER_APPICON_NAME = AppIcon;
				INFOPLIST_FILE = Doit/Info.plist;
				LD_RUNPATH_SEARCH_PATHS = "$(inherited) @executable_path/Frameworks";
				PRODUCT_BUNDLE_IDENTIFIER = co.Cruzy.Doit;
				PRODUCT_NAME = "$(TARGET_NAME)";
			};
			name = Debug;
		};
		ABCFDA9A1D89C27200DA3C1D /* Release */ = {
			isa = XCBuildConfiguration;
			buildSettings = {
				ASSETCATALOG_COMPILER_APPICON_NAME = AppIcon;
				INFOPLIST_FILE = Doit/Info.plist;
				LD_RUNPATH_SEARCH_PATHS = "$(inherited) @executable_path/Frameworks";
				PRODUCT_BUNDLE_IDENTIFIER = co.Cruzy.Doit;
				PRODUCT_NAME = "$(TARGET_NAME)";
			};
			name = Release;
		};
/* End XCBuildConfiguration section */

/* Begin XCConfigurationList section */
		ABCFDA7E1D89C27100DA3C1D /* Build configuration list for PBXProject "Doit" */ = {
			isa = XCConfigurationList;
			buildConfigurations = (
				ABCFDA961D89C27200DA3C1D /* Debug */,
				ABCFDA971D89C27200DA3C1D /* Release */,
			);
			defaultConfigurationIsVisible = 0;
			defaultConfigurationName = Release;
		};
		ABCFDA981D89C27200DA3C1D /* Build configuration list for PBXNativeTarget "Doit" */ = {
			isa = XCConfigurationList;
			buildConfigurations = (
				ABCFDA991D89C27200DA3C1D /* Debug */,
				ABCFDA9A1D89C27200DA3C1D /* Release */,
			);
			defaultConfigurationIsVisible = 0;
		};
/* End XCConfigurationList section */

/* Begin XCVersionGroup section */
		ABCFDA8D1D89C27200DA3C1D /* Doit.xcdatamodeld */ = {
			isa = XCVersionGroup;
			children = (
				ABCFDA8E1D89C27200DA3C1D /* Doit.xcdatamodel */,
			);
			currentVersion = ABCFDA8E1D89C27200DA3C1D /* Doit.xcdatamodel */;
			path = Doit.xcdatamodeld;
			sourceTree = "<group>";
			versionGroupType = wrapper.xcdatamodel;
		};
/* End XCVersionGroup section */
	};
	rootObject = ABCFDA7B1D89C27100DA3C1D /* Project object */;
}
